{
  "name": "dockertest",
  "lockfileVersion": 2,
  "requires": true,
  "packages": {
    "": {
      "devDependencies": {
        "ory-prettier-styles": "^1.3.0",
        "prettier": "^2.7.1"
      }
    },
    "node_modules/ory-prettier-styles": {
      "version": "1.3.0",
      "resolved": "https://registry.npmjs.org/ory-prettier-styles/-/ory-prettier-styles-1.3.0.tgz",
      "integrity": "sha512-Vfn0G6CyLaadwcCamwe1SQCf37ZQfBDgMrhRI70dE/2fbE3Q43/xu7K5c32I5FGt/EliroWty5yBjmdkj0eWug==",
      "dev": true
    },
    "node_modules/prettier": {
      "version": "2.7.1",
      "resolved": "https://registry.npmjs.org/prettier/-/prettier-2.7.1.tgz",
      "integrity": "sha512-ujppO+MkdPqoVINuDFDRLClm7D78qbDt0/NR+wp5FqEZOoTNAjPHWj17QRhu7geIHJfcNhRk1XVQmF8Bp3ye+g==",
      "dev": true,
      "bin": {
        "prettier": "bin-prettier.js"
      },
      "engines": {
        "node": ">=10.13.0"
      },
      "funding": {
        "url": "https://github.com/prettier/prettier?sponsor=1"
      }
    }
  },
  "dependencies": {
    "ory-prettier-styles": {
      "version": "1.3.0",
      "resolved": "https://registry.npmjs.org/ory-prettier-styles/-/ory-prettier-styles-1.3.0.tgz",
      "integrity": "sha512-Vfn0G6CyLaadwcCamwe1SQCf37ZQfBDgMrhRI70dE/2fbE3Q43/xu7K5c32I5FGt/EliroWty5yBjmdkj0eWug==",
      "dev": true
    },
    "prettier": {
      "version": "2.7.1",
      "resolved": "https://registry.npmjs.org/prettier/-/prettier-2.7.1.tgz",
      "integrity": "sha512-ujppO+MkdPqoVINuDFDRLClm7D78qbDt0/NR+wp5FqEZOoTNAjPHWj17QRhu7geIHJfcNhRk1XVQmF8Bp3ye+g==",
      "dev": true
    }
  }
}
